<?xml version="1.0" encoding="utf-8"?>
<Project ToolsVersion="4.0" xmlns="http://schemas.microsoft.com/developer/msbuild/2003">
  <ItemGroup>
    <Filter Include="Source Files">
      <UniqueIdentifier>{4FC737F1-C7A5-4376-A066-2A32D752A2FF}</UniqueIdentifier>
      <Extensions>cpp;c;cc;cxx;def;odl;idl;hpj;bat;asm;asmx</Extensions>
    </Filter>
    <Filter Include="Header Files">
      <UniqueIdentifier>{93995380-89BD-4b04-88EB-625FBE52EBFB}</UniqueIdentifier>
      <Extensions>h;hh;hpp;hxx;hm;inl;inc;xsd</Extensions>
    </Filter>
    <Filter Include="Resource Files">
      <UniqueIdentifier>{67DA6AB6-F800-4c08-8B7A-83BB121AAD01}</UniqueIdentifier>
      <Extensions>rc;ico;cur;bmp;dlg;rc2;rct;bin;rgs;gif;jpg;jpeg;jpe;resx;tiff;tif;png;wav;mfcribbon-ms</Extensions>
    </Filter>
    <Filter Include="Source Files\AST">
      <UniqueIdentifier>{4f44f94a-4f17-4a95-8429-aa287cd572ed}</UniqueIdentifier>
    </Filter>
    <Filter Include="Header Files\AST">
      <UniqueIdentifier>{9fac8cf0-bf64-4690-ac70-9fa6cc9cb1ec}</UniqueIdentifier>
    </Filter>
    <Filter Include="Source Files\helpers">
      <UniqueIdentifier>{2929f5e0-c1d3-45fb-a82e-2fe5d9264129}</UniqueIdentifier>
    </Filter>
    <Filter Include="Source Files\PKB">
      <UniqueIdentifier>{fbc47deb-c866-455b-85a6-b045a03ac851}</UniqueIdentifier>
    </Filter>
    <Filter Include="Source Files\AutoTester">
      <UniqueIdentifier>{a02ab9b6-9608-4c36-b764-c2a66d81d224}</UniqueIdentifier>
    </Filter>
    <Filter Include="Source Files\SourceParser">
      <UniqueIdentifier>{48c4935c-15dc-494c-8df2-2b440ee08489}</UniqueIdentifier>
    </Filter>
    <Filter Include="Resource Files\SourceParser">
      <UniqueIdentifier>{b699830c-3986-487a-990f-8402e07657ac}</UniqueIdentifier>
    </Filter>
    <Filter Include="Source Files\SourceParser\Lexer">
      <UniqueIdentifier>{050740a3-cef5-4e90-9cd6-04691bc35470}</UniqueIdentifier>
    </Filter>
    <Filter Include="Source Files\SourceParser\Parser">
      <UniqueIdentifier>{abc19594-8039-4f51-bf95-0345f13634c5}</UniqueIdentifier>
    </Filter>
    <Filter Include="Header Files\SourceParser">
      <UniqueIdentifier>{1b6c67be-3382-416c-9a2e-1cfb1f6199fd}</UniqueIdentifier>
    </Filter>
    <Filter Include="Header Files\SourceParser\mocks">
      <UniqueIdentifier>{d979d175-e15d-4517-a958-20134a5407ba}</UniqueIdentifier>
    </Filter>
    <Filter Include="Source Files\SourceParser\mocks">
      <UniqueIdentifier>{92b53ca5-f52b-4d9a-8654-bc2b1bb66650}</UniqueIdentifier>
    </Filter>
    <Filter Include="Header Files\SourceParser\mocks\nodes">
      <UniqueIdentifier>{95d55c1e-bf77-4bab-96f5-5fb3ed01e63d}</UniqueIdentifier>
    </Filter>
    <Filter Include="Header Files\SourceParser\mocks\parsers">
      <UniqueIdentifier>{d05ed5ef-440b-4459-bb36-976e7b8281b3}</UniqueIdentifier>
    </Filter>
    <Filter Include="Source Files\SourceParser\mocks\parsers">
      <UniqueIdentifier>{8fb1184b-c905-4b28-97ce-b3223eb228d5}</UniqueIdentifier>
    </Filter>
    <Filter Include="Source Files\SourceParser\mocks\nodes">
      <UniqueIdentifier>{7a36dc03-606f-49ef-adac-88d768525abb}</UniqueIdentifier>
    </Filter>
    <Filter Include="Source Files\SourceParser\ProgramLineEvaluator">
      <UniqueIdentifier>{4ff2a2e8-9180-4646-9abd-2335f81368be}</UniqueIdentifier>
    </Filter>
  </ItemGroup>
  <ItemGroup>
    <ClInclude Include="stdafx.h">
      <Filter>Header Files</Filter>
    </ClInclude>
    <ClInclude Include="targetver.h">
      <Filter>Header Files</Filter>
    </ClInclude>
    <ClInclude Include="MockNode.h">
      <Filter>Header Files\AST</Filter>
    </ClInclude>
    <ClInclude Include="AssignParserMock.h">
      <Filter>Header Files\SourceParser\mocks\parsers</Filter>
    </ClInclude>
    <ClInclude Include="CallParserMock.h">
      <Filter>Header Files\SourceParser\mocks\parsers</Filter>
    </ClInclude>
    <ClInclude Include="ExpressionParserMock.h">
      <Filter>Header Files\SourceParser\mocks\parsers</Filter>
    </ClInclude>
    <ClInclude Include="IfParserMock.h">
      <Filter>Header Files\SourceParser\mocks\parsers</Filter>
    </ClInclude>
    <ClInclude Include="StatementListParserMock.h">
      <Filter>Header Files\SourceParser\mocks\parsers</Filter>
    </ClInclude>
    <ClInclude Include="WhileParserMock.h">
      <Filter>Header Files\SourceParser\mocks\parsers</Filter>
    </ClInclude>
    <ClInclude Include="ExpressionNodeMock.h">
      <Filter>Header Files\SourceParser\mocks\nodes</Filter>
    </ClInclude>
    <ClInclude Include="AssignNodeMock.h">
      <Filter>Header Files\SourceParser\mocks\nodes</Filter>
    </ClInclude>
    <ClInclude Include="CallNodeMock.h">
      <Filter>Header Files\SourceParser\mocks\nodes</Filter>
    </ClInclude>
    <ClInclude Include="WhileNodeMock.h">
      <Filter>Header Files\SourceParser\mocks\nodes</Filter>
    </ClInclude>
    <ClInclude Include="IfNodeMock.h">
      <Filter>Header Files\SourceParser\mocks\nodes</Filter>
    </ClInclude>
    <ClInclude Include="StatementListNodeMock.h">
      <Filter>Header Files\SourceParser\mocks\nodes</Filter>
    </ClInclude>
    <ClInclude Include="TokenKeyMocks.h">
      <Filter>Header Files\SourceParser\mocks</Filter>
    </ClInclude>
    <ClInclude Include="ProcedureParserMock.h">
      <Filter>Header Files\SourceParser\mocks\parsers</Filter>
    </ClInclude>
    <ClInclude Include="ProcedureNodeMock.h">
      <Filter>Header Files\SourceParser\mocks\nodes</Filter>
    </ClInclude>
  </ItemGroup>
  <ItemGroup>
    <ClCompile Include="stdafx.cpp">
      <Filter>Source Files</Filter>
    </ClCompile>
    <ClCompile Include="CallsTest.cpp">
      <Filter>Source Files\PKB</Filter>
    </ClCompile>
    <ClCompile Include="NodeTest.cpp">
      <Filter>Source Files\AST</Filter>
    </ClCompile>
    <ClCompile Include="RangeNumberTest.cpp">
      <Filter>Source Files\helpers</Filter>
    </ClCompile>
    <ClCompile Include="QueryParserTest.cpp">
      <Filter>Source Files\AutoTester</Filter>
    </ClCompile>
    <ClCompile Include="ModifiesTest.cpp">
      <Filter>Source Files\PKB</Filter>
    </ClCompile>
    <ClCompile Include="UsesTest.cpp">
      <Filter>Source Files\PKB</Filter>
    </ClCompile>
    <ClCompile Include="SourceFileManagerTest.cpp">
      <Filter>Source Files\SourceParser</Filter>
    </ClCompile>
    <ClCompile Include="LexerTest.cpp">
      <Filter>Source Files\SourceParser\Lexer</Filter>
    </ClCompile>
    <ClCompile Include="LexerTokenTest.cpp">
      <Filter>Source Files\SourceParser\Lexer</Filter>
    </ClCompile>
    <ClCompile Include="KeywordsTest.cpp">
      <Filter>Source Files\SourceParser</Filter>
    </ClCompile>
    <ClCompile Include="OperatorsTest.cpp">
      <Filter>Source Files\SourceParser</Filter>
    </ClCompile>
    <ClCompile Include="SpecialCharactersTest.cpp">
      <Filter>Source Files\SourceParser</Filter>
    </ClCompile>
    <ClCompile Include="SourceParserTest.cpp">
      <Filter>Source Files\SourceParser\Parser</Filter>
    </ClCompile>
    <ClCompile Include="ParsingEntityTest.cpp">
      <Filter>Source Files\SourceParser\Parser</Filter>
    </ClCompile>
    <ClCompile Include="ExpressionParserTest.cpp">
      <Filter>Source Files\SourceParser\Parser</Filter>
    </ClCompile>
    <ClCompile Include="AssignParserTest.cpp">
      <Filter>Source Files\SourceParser\Parser</Filter>
    </ClCompile>
    <ClCompile Include="CallParserTest.cpp">
      <Filter>Source Files\SourceParser\Parser</Filter>
    </ClCompile>
    <ClCompile Include="StatementListParserTest.cpp">
      <Filter>Source Files\SourceParser\Parser</Filter>
    </ClCompile>
    <ClCompile Include="WhileParserTest.cpp">
      <Filter>Source Files\SourceParser\Parser</Filter>
    </ClCompile>
    <ClCompile Include="AssignParserMock.cpp">
      <Filter>Source Files\SourceParser\mocks\parsers</Filter>
    </ClCompile>
    <ClCompile Include="CallParserMock.cpp">
      <Filter>Source Files\SourceParser\mocks\parsers</Filter>
    </ClCompile>
    <ClCompile Include="ExpressionParserMock.cpp">
      <Filter>Source Files\SourceParser\mocks\parsers</Filter>
    </ClCompile>
    <ClCompile Include="IfParserMock.cpp">
      <Filter>Source Files\SourceParser\mocks\parsers</Filter>
    </ClCompile>
    <ClCompile Include="StatementListParserMock.cpp">
      <Filter>Source Files\SourceParser\mocks\parsers</Filter>
    </ClCompile>
    <ClCompile Include="WhileParserMock.cpp">
      <Filter>Source Files\SourceParser\mocks\parsers</Filter>
    </ClCompile>
    <ClCompile Include="ExpressionNodeMock.cpp">
      <Filter>Source Files\SourceParser\mocks\nodes</Filter>
    </ClCompile>
    <ClCompile Include="AssignNodeMock.cpp">
      <Filter>Source Files\SourceParser\mocks\nodes</Filter>
    </ClCompile>
    <ClCompile Include="CallNodeMock.cpp">
      <Filter>Source Files\SourceParser\mocks\nodes</Filter>
    </ClCompile>
    <ClCompile Include="IfNodeMock.cpp">
      <Filter>Source Files\SourceParser\mocks\nodes</Filter>
    </ClCompile>
    <ClCompile Include="StatementListNodeMock.cpp">
      <Filter>Source Files\SourceParser\mocks\nodes</Filter>
    </ClCompile>
    <ClCompile Include="WhileNodeMock.cpp">
      <Filter>Source Files\SourceParser\mocks\nodes</Filter>
    </ClCompile>
    <ClCompile Include="TokenKeyMocks.cpp">
      <Filter>Source Files\SourceParser\mocks</Filter>
    </ClCompile>
    <ClCompile Include="ProcedureParserTest.cpp">
      <Filter>Source Files\SourceParser\Parser</Filter>
    </ClCompile>
    <ClCompile Include="ProgramParserTest.cpp">
      <Filter>Source Files\SourceParser\Parser</Filter>
    </ClCompile>
    <ClCompile Include="ProcedureParserMock.cpp">
      <Filter>Source Files\SourceParser\mocks\parsers</Filter>
    </ClCompile>
    <ClCompile Include="ProcedureNodeMock.cpp">
      <Filter>Source Files\SourceParser\mocks\nodes</Filter>
    </ClCompile>
    <ClCompile Include="ProgramLineEvaluatorTest.cpp">
      <Filter>Source Files\SourceParser\ProgramLineEvaluator</Filter>
    </ClCompile>
  </ItemGroup>
  <ItemGroup>
    <Text Include="TestSource1.txt">
      <Filter>Resource Files\SourceParser</Filter>
    </Text>
  </ItemGroup>
</Project>