<?xml version="1.0" encoding="utf-8"?>
<Project ToolsVersion="4.0" xmlns="http://schemas.microsoft.com/developer/msbuild/2003">
  <ItemGroup>
    <Filter Include="Source Files">
      <UniqueIdentifier>{4FC737F1-C7A5-4376-A066-2A32D752A2FF}</UniqueIdentifier>
      <Extensions>cpp;c;cc;cxx;def;odl;idl;hpj;bat;asm;asmx</Extensions>
    </Filter>
    <Filter Include="Header Files">
      <UniqueIdentifier>{93995380-89BD-4b04-88EB-625FBE52EBFB}</UniqueIdentifier>
      <Extensions>h;hh;hpp;hxx;hm;inl;inc;xsd</Extensions>
    </Filter>
    <Filter Include="Resource Files">
      <UniqueIdentifier>{67DA6AB6-F800-4c08-8B7A-83BB121AAD01}</UniqueIdentifier>
      <Extensions>rc;ico;cur;bmp;dlg;rc2;rct;bin;rgs;gif;jpg;jpeg;jpe;resx;tiff;tif;png;wav;mfcribbon-ms</Extensions>
    </Filter>
    <Filter Include="Source Files\AST">
      <UniqueIdentifier>{4f44f94a-4f17-4a95-8429-aa287cd572ed}</UniqueIdentifier>
    </Filter>
    <Filter Include="Header Files\AST">
      <UniqueIdentifier>{9fac8cf0-bf64-4690-ac70-9fa6cc9cb1ec}</UniqueIdentifier>
    </Filter>
    <Filter Include="Source Files\helpers">
      <UniqueIdentifier>{2929f5e0-c1d3-45fb-a82e-2fe5d9264129}</UniqueIdentifier>
    </Filter>
    <Filter Include="Source Files\SourceParser">
      <UniqueIdentifier>{48c4935c-15dc-494c-8df2-2b440ee08489}</UniqueIdentifier>
    </Filter>
    <Filter Include="Resource Files\SourceParser">
      <UniqueIdentifier>{b699830c-3986-487a-990f-8402e07657ac}</UniqueIdentifier>
    </Filter>
    <Filter Include="Source Files\SourceParser\Lexer">
      <UniqueIdentifier>{050740a3-cef5-4e90-9cd6-04691bc35470}</UniqueIdentifier>
    </Filter>
    <Filter Include="Source Files\SourceParser\Parser">
      <UniqueIdentifier>{abc19594-8039-4f51-bf95-0345f13634c5}</UniqueIdentifier>
    </Filter>
  </ItemGroup>
  <ItemGroup>
    <ClInclude Include="stdafx.h">
      <Filter>Header Files</Filter>
    </ClInclude>
    <ClInclude Include="targetver.h">
      <Filter>Header Files</Filter>
    </ClInclude>
    <ClInclude Include="MockNode.h">
      <Filter>Header Files\AST</Filter>
    </ClInclude>
  </ItemGroup>
  <ItemGroup>
    <ClCompile Include="stdafx.cpp">
      <Filter>Source Files</Filter>
    </ClCompile>
    <ClCompile Include="ProgramNodeTest.cpp">
      <Filter>Source Files\AST</Filter>
    </ClCompile>
    <ClCompile Include="NodeTest.cpp">
      <Filter>Source Files\AST</Filter>
    </ClCompile>
    <ClCompile Include="ProcedureNodeTest.cpp">
      <Filter>Source Files\AST</Filter>
    </ClCompile>
    <ClCompile Include="StatementListNodeTest.cpp">
      <Filter>Source Files\AST</Filter>
    </ClCompile>
    <ClCompile Include="RangeNumberTest.cpp">
      <Filter>Source Files\helpers</Filter>
    </ClCompile>
    <ClCompile Include="SourceFileManagerTest.cpp">
      <Filter>Source Files\SourceParser</Filter>
    </ClCompile>
    <ClCompile Include="LexerTest.cpp">
      <Filter>Source Files\SourceParser\Lexer</Filter>
    </ClCompile>
    <ClCompile Include="LexerTokenTest.cpp">
      <Filter>Source Files\SourceParser\Lexer</Filter>
    </ClCompile>
    <ClCompile Include="KeywordsTest.cpp">
      <Filter>Source Files\SourceParser</Filter>
    </ClCompile>
    <ClCompile Include="OperatorsTest.cpp">
      <Filter>Source Files\SourceParser</Filter>
    </ClCompile>
    <ClCompile Include="SpecialCharactersTest.cpp">
      <Filter>Source Files\SourceParser</Filter>
    </ClCompile>
    <ClCompile Include="SourceParserTest.cpp">
      <Filter>Source Files\SourceParser\Parser</Filter>
    </ClCompile>
    <ClCompile Include="ParsingEntityTest.cpp">
      <Filter>Source Files\SourceParser\Parser</Filter>
    </ClCompile>
    <ClCompile Include="ExpressionParserTest.cpp">
      <Filter>Source Files\SourceParser\Parser</Filter>
    </ClCompile>
  </ItemGroup>
  <ItemGroup>
    <Text Include="TestSource1.txt">
      <Filter>Resource Files\SourceParser</Filter>
    </Text>
  </ItemGroup>
</Project>