<?xml version="1.0" encoding="utf-8"?>
<Project ToolsVersion="4.0" xmlns="http://schemas.microsoft.com/developer/msbuild/2003">
  <ItemGroup>
    <Filter Include="Source Files">
      <UniqueIdentifier>{4FC737F1-C7A5-4376-A066-2A32D752A2FF}</UniqueIdentifier>
      <Extensions>cpp;c;cc;cxx;def;odl;idl;hpj;bat;asm;asmx</Extensions>
    </Filter>
    <Filter Include="Header Files">
      <UniqueIdentifier>{93995380-89BD-4b04-88EB-625FBE52EBFB}</UniqueIdentifier>
      <Extensions>h;hpp;hxx;hm;inl;inc;xsd</Extensions>
    </Filter>
    <Filter Include="Resource Files">
      <UniqueIdentifier>{67DA6AB6-F800-4c08-8B7A-83BB121AAD01}</UniqueIdentifier>
      <Extensions>rc;ico;cur;bmp;dlg;rc2;rct;bin;rgs;gif;jpg;jpeg;jpe;resx;tiff;tif;png;wav;mfcribbon-ms</Extensions>
    </Filter>
    <Filter Include="Header Files\PKB">
      <UniqueIdentifier>{94bcb1fb-c239-413f-925e-ad9a6675ffa6}</UniqueIdentifier>
    </Filter>
    <Filter Include="Header Files\AST">
      <UniqueIdentifier>{a63a6f02-9873-4762-ac60-494019940af5}</UniqueIdentifier>
    </Filter>
    <Filter Include="Source Files\AST">
      <UniqueIdentifier>{2f5e669c-7329-432d-b47e-d209b50fec7d}</UniqueIdentifier>
    </Filter>
    <Filter Include="Header Files\AST\Exceptions">
      <UniqueIdentifier>{789c142f-f524-467a-87ae-b7eea9c37dc1}</UniqueIdentifier>
    </Filter>
    <Filter Include="Source Files\AST\Exceptions">
      <UniqueIdentifier>{08f1279a-a385-4089-8af1-02baa7457a15}</UniqueIdentifier>
    </Filter>
    <Filter Include="Header Files\helpers">
      <UniqueIdentifier>{90a42431-b6a7-46c4-930e-1cb9a4f9fdb5}</UniqueIdentifier>
    </Filter>
    <Filter Include="Source Files\helpers">
      <UniqueIdentifier>{558620a4-d3c0-43a6-b500-3e70900bc304}</UniqueIdentifier>
    </Filter>
    <Filter Include="Header Files\SourceParser">
      <UniqueIdentifier>{e02a6c2f-2cc8-4047-b3a9-a467bcd3656d}</UniqueIdentifier>
    </Filter>
    <Filter Include="Source Files\SourceParser">
      <UniqueIdentifier>{7025353b-9c59-4148-829b-9884abbf9a07}</UniqueIdentifier>
    </Filter>
    <Filter Include="Header Files\SourceParser\Exceptions">
      <UniqueIdentifier>{ede2a057-3d91-413a-a655-b89d719259a6}</UniqueIdentifier>
    </Filter>
    <Filter Include="Source Files\SourceParser\Exceptions">
      <UniqueIdentifier>{f8324100-c885-4546-8b4d-bb42ffa30e49}</UniqueIdentifier>
    </Filter>
    <Filter Include="Header Files\SourceParser\Lexer">
      <UniqueIdentifier>{e38c9046-60a6-42bb-8edc-f3b4c2f6b9bf}</UniqueIdentifier>
    </Filter>
    <Filter Include="Source Files\SourceParser\Lexer">
      <UniqueIdentifier>{4a5bd137-696a-4b18-ae4d-af3ac1736b0e}</UniqueIdentifier>
    </Filter>
    <Filter Include="Header Files\SourceParser\Parser">
      <UniqueIdentifier>{15c9981d-a795-4aae-98c6-27a05790e7f1}</UniqueIdentifier>
    </Filter>
    <Filter Include="Source Files\SourceParser\Parser">
      <UniqueIdentifier>{3a979d0b-f93f-420b-94ec-473adc34bd0f}</UniqueIdentifier>
    </Filter>
  </ItemGroup>
  <ItemGroup>
    <ClInclude Include="Affects.h">
      <Filter>Header Files\PKB</Filter>
    </ClInclude>
    <ClInclude Include="Calls.h">
      <Filter>Header Files\PKB</Filter>
    </ClInclude>
    <ClInclude Include="Follows.h">
      <Filter>Header Files\PKB</Filter>
    </ClInclude>
    <ClInclude Include="Modifies.h">
      <Filter>Header Files\PKB</Filter>
    </ClInclude>
    <ClInclude Include="Next.h">
      <Filter>Header Files\PKB</Filter>
    </ClInclude>
    <ClInclude Include="Parent.h">
      <Filter>Header Files\PKB</Filter>
    </ClInclude>
    <ClInclude Include="Uses.h">
      <Filter>Header Files\PKB</Filter>
    </ClInclude>
    <ClInclude Include="Node.h">
      <Filter>Header Files\AST</Filter>
    </ClInclude>
    <ClInclude Include="ProgramNode.h">
      <Filter>Header Files\AST</Filter>
    </ClInclude>
    <ClInclude Include="ProcedureNode.h">
      <Filter>Header Files\AST</Filter>
    </ClInclude>
    <ClInclude Include="AssignNode.h">
      <Filter>Header Files\AST</Filter>
    </ClInclude>
    <ClInclude Include="CallNode.h">
      <Filter>Header Files\AST</Filter>
    </ClInclude>
    <ClInclude Include="WhileNode.h">
      <Filter>Header Files\AST</Filter>
    </ClInclude>
    <ClInclude Include="IfNode.h">
      <Filter>Header Files\AST</Filter>
    </ClInclude>
    <ClInclude Include="PlusNode.h">
      <Filter>Header Files\AST</Filter>
    </ClInclude>
    <ClInclude Include="MinusNode.h">
      <Filter>Header Files\AST</Filter>
    </ClInclude>
    <ClInclude Include="TimesNode.h">
      <Filter>Header Files\AST</Filter>
    </ClInclude>
    <ClInclude Include="VariableNode.h">
      <Filter>Header Files\AST</Filter>
    </ClInclude>
    <ClInclude Include="Constants.h">
      <Filter>Header Files</Filter>
    </ClInclude>
    <ClInclude Include="ConstantNode.h">
      <Filter>Header Files\AST</Filter>
    </ClInclude>
    <ClInclude Include="ExpressionNode.h">
      <Filter>Header Files\AST</Filter>
    </ClInclude>
    <ClInclude Include="StatementNode.h">
      <Filter>Header Files\AST</Filter>
    </ClInclude>
    <ClInclude Include="StatementListNode.h">
      <Filter>Header Files\AST</Filter>
    </ClInclude>
    <ClInclude Include="ReferenceNode.h">
      <Filter>Header Files\AST</Filter>
    </ClInclude>
    <ClInclude Include="RangeNumber.h">
      <Filter>Header Files\helpers</Filter>
    </ClInclude>
    <ClInclude Include="ValidateException.h">
      <Filter>Header Files\AST\Exceptions</Filter>
    </ClInclude>
    <ClInclude Include="ASTException.h">
      <Filter>Header Files\AST\Exceptions</Filter>
    </ClInclude>
    <ClInclude Include="InvalidArgumentException.h">
      <Filter>Header Files\AST\Exceptions</Filter>
    </ClInclude>
    <ClInclude Include="SourceFileManager.h">
      <Filter>Header Files\SourceParser</Filter>
    </ClInclude>
    <ClInclude Include="SourceFileException.h">
      <Filter>Header Files\SourceParser\Exceptions</Filter>
    </ClInclude>
    <ClInclude Include="Keywords.h">
      <Filter>Header Files\SourceParser</Filter>
    </ClInclude>
    <ClInclude Include="SpecialCharacters.h">
      <Filter>Header Files\SourceParser</Filter>
    </ClInclude>
    <ClInclude Include="Lexer.h">
      <Filter>Header Files\SourceParser\Lexer</Filter>
    </ClInclude>
    <ClInclude Include="LexerToken.h">
      <Filter>Header Files\SourceParser\Lexer</Filter>
    </ClInclude>
    <ClInclude Include="LexerException.h">
      <Filter>Header Files\SourceParser\Exceptions</Filter>
    </ClInclude>
    <ClInclude Include="Operators.h">
      <Filter>Header Files\SourceParser</Filter>
    </ClInclude>
    <ClInclude Include="TokenKeys.h">
      <Filter>Header Files\SourceParser\Lexer</Filter>
    </ClInclude>
    <ClInclude Include="ParserException.h">
      <Filter>Header Files\SourceParser\Exceptions</Filter>
    </ClInclude>
    <ClInclude Include="Printable.h">
      <Filter>Header Files\helpers</Filter>
    </ClInclude>
    <ClInclude Include="SourceParser.h">
      <Filter>Header Files\SourceParser\Parser</Filter>
    </ClInclude>
    <ClInclude Include="ParsingEntity.h">
      <Filter>Header Files\SourceParser\Parser</Filter>
    </ClInclude>
    <ClInclude Include="ExpressionParser.h">
      <Filter>Header Files\SourceParser\Parser</Filter>
    </ClInclude>
  </ItemGroup>
  <ItemGroup>
    <ClCompile Include="Node.cpp">
      <Filter>Source Files\AST</Filter>
    </ClCompile>
    <ClCompile Include="ProgramNode.cpp">
      <Filter>Source Files\AST</Filter>
    </ClCompile>
    <ClCompile Include="ProcedureNode.cpp">
      <Filter>Source Files\AST</Filter>
    </ClCompile>
    <ClCompile Include="ValidateException.cpp">
      <Filter>Source Files\AST\Exceptions</Filter>
    </ClCompile>
    <ClCompile Include="StatementListNode.cpp">
      <Filter>Source Files\AST</Filter>
    </ClCompile>
    <ClCompile Include="StatementNode.cpp">
      <Filter>Source Files\AST</Filter>
    </ClCompile>
    <ClCompile Include="AssignNode.cpp">
      <Filter>Source Files\AST</Filter>
    </ClCompile>
    <ClCompile Include="CallNode.cpp">
      <Filter>Source Files\AST</Filter>
    </ClCompile>
    <ClCompile Include="WhileNode.cpp">
      <Filter>Source Files\AST</Filter>
    </ClCompile>
    <ClCompile Include="IfNode.cpp">
      <Filter>Source Files\AST</Filter>
    </ClCompile>
    <ClCompile Include="VariableNode.cpp">
      <Filter>Source Files\AST</Filter>
    </ClCompile>
    <ClCompile Include="ConstantNode.cpp">
      <Filter>Source Files\AST</Filter>
    </ClCompile>
    <ClCompile Include="ExpressionNode.cpp">
      <Filter>Source Files\AST</Filter>
    </ClCompile>
    <ClCompile Include="PlusNode.cpp">
      <Filter>Source Files\AST</Filter>
    </ClCompile>
    <ClCompile Include="MinusNode.cpp">
      <Filter>Source Files\AST</Filter>
    </ClCompile>
    <ClCompile Include="TimesNode.cpp">
      <Filter>Source Files\AST</Filter>
    </ClCompile>
    <ClCompile Include="ReferenceNode.cpp">
      <Filter>Source Files\AST</Filter>
    </ClCompile>
    <ClCompile Include="RangeNumber.cpp">
      <Filter>Source Files\helpers</Filter>
    </ClCompile>
    <ClCompile Include="ASTException.cpp">
      <Filter>Source Files\AST\Exceptions</Filter>
    </ClCompile>
    <ClCompile Include="InvalidArgumentException.cpp">
      <Filter>Source Files\AST\Exceptions</Filter>
    </ClCompile>
    <ClCompile Include="SourceFileManager.cpp">
      <Filter>Source Files\SourceParser</Filter>
    </ClCompile>
    <ClCompile Include="SourceFileException.cpp">
      <Filter>Source Files\SourceParser\Exceptions</Filter>
    </ClCompile>
    <ClCompile Include="Keywords.cpp">
      <Filter>Source Files\SourceParser</Filter>
    </ClCompile>
    <ClCompile Include="SpecialCharacters.cpp">
      <Filter>Source Files\SourceParser</Filter>
    </ClCompile>
    <ClCompile Include="LexerToken.cpp">
      <Filter>Source Files\SourceParser\Lexer</Filter>
    </ClCompile>
    <ClCompile Include="Lexer.cpp">
      <Filter>Source Files\SourceParser\Lexer</Filter>
    </ClCompile>
    <ClCompile Include="LexerException.cpp">
      <Filter>Source Files\SourceParser\Exceptions</Filter>
    </ClCompile>
    <ClCompile Include="Operators.cpp">
      <Filter>Source Files\SourceParser</Filter>
    </ClCompile>
    <ClCompile Include="TokenKeys.cpp">
      <Filter>Source Files\SourceParser\Lexer</Filter>
    </ClCompile>
    <ClCompile Include="ParserException.cpp">
      <Filter>Source Files\SourceParser\Exceptions</Filter>
    </ClCompile>
    <ClCompile Include="Printable.cpp">
      <Filter>Source Files\helpers</Filter>
    </ClCompile>
    <ClCompile Include="SourceParser.cpp">
      <Filter>Source Files\SourceParser\Parser</Filter>
    </ClCompile>
    <ClCompile Include="ParsingEntity.cpp">
      <Filter>Source Files\SourceParser\Parser</Filter>
    </ClCompile>
    <ClCompile Include="ExpressionParser.cpp">
      <Filter>Source Files\SourceParser\Parser</Filter>
    </ClCompile>
  </ItemGroup>
  <ItemGroup>
    <None Include="packages.config" />
  </ItemGroup>
</Project>