<?xml version="1.0" encoding="utf-8"?>
<Project ToolsVersion="4.0" xmlns="http://schemas.microsoft.com/developer/msbuild/2003">
  <ItemGroup>
    <Filter Include="Source Files">
      <UniqueIdentifier>{4FC737F1-C7A5-4376-A066-2A32D752A2FF}</UniqueIdentifier>
      <Extensions>cpp;c;cc;cxx;def;odl;idl;hpj;bat;asm;asmx</Extensions>
    </Filter>
    <Filter Include="Header Files">
      <UniqueIdentifier>{93995380-89BD-4b04-88EB-625FBE52EBFB}</UniqueIdentifier>
      <Extensions>h;hpp;hxx;hm;inl;inc;xsd</Extensions>
    </Filter>
    <Filter Include="Resource Files">
      <UniqueIdentifier>{67DA6AB6-F800-4c08-8B7A-83BB121AAD01}</UniqueIdentifier>
      <Extensions>rc;ico;cur;bmp;dlg;rc2;rct;bin;rgs;gif;jpg;jpeg;jpe;resx;tiff;tif;png;wav;mfcribbon-ms</Extensions>
    </Filter>
    <Filter Include="Header Files\PKB">
      <UniqueIdentifier>{94bcb1fb-c239-413f-925e-ad9a6675ffa6}</UniqueIdentifier>
    </Filter>
    <Filter Include="Header Files\AST">
      <UniqueIdentifier>{a63a6f02-9873-4762-ac60-494019940af5}</UniqueIdentifier>
    </Filter>
    <Filter Include="Source Files\AST">
      <UniqueIdentifier>{2f5e669c-7329-432d-b47e-d209b50fec7d}</UniqueIdentifier>
    </Filter>
    <Filter Include="Source Files\PKB">
      <UniqueIdentifier>{e7ce940b-114e-495b-b1d7-4fd1915d64c8}</UniqueIdentifier>
    </Filter>
    <Filter Include="Header Files\PKB\PKBTree">
      <UniqueIdentifier>{1ac5977d-f7aa-4796-aee6-2746d13ab89e}</UniqueIdentifier>
    </Filter>
    <Filter Include="Header Files\AST\Exceptions">
      <UniqueIdentifier>{789c142f-f524-467a-87ae-b7eea9c37dc1}</UniqueIdentifier>
    </Filter>
    <Filter Include="Source Files\AST\Exceptions">
      <UniqueIdentifier>{08f1279a-a385-4089-8af1-02baa7457a15}</UniqueIdentifier>
    </Filter>
    <Filter Include="Header Files\helpers">
      <UniqueIdentifier>{90a42431-b6a7-46c4-930e-1cb9a4f9fdb5}</UniqueIdentifier>
    </Filter>
    <Filter Include="Source Files\helpers">
      <UniqueIdentifier>{558620a4-d3c0-43a6-b500-3e70900bc304}</UniqueIdentifier>
    </Filter>
    <Filter Include="Source Files\PKB\PKBTree">
      <UniqueIdentifier>{e087f068-e76f-4bd5-8cb1-8453f9d001a5}</UniqueIdentifier>
    </Filter>
  </ItemGroup>
  <ItemGroup>
    <ClInclude Include="Affects.h">
      <Filter>Header Files\PKB</Filter>
    </ClInclude>
    <ClInclude Include="Calls.h">
      <Filter>Header Files\PKB</Filter>
    </ClInclude>
    <ClInclude Include="Follows.h">
      <Filter>Header Files\PKB</Filter>
    </ClInclude>
    <ClInclude Include="Modifies.h">
      <Filter>Header Files\PKB</Filter>
    </ClInclude>
    <ClInclude Include="Next.h">
      <Filter>Header Files\PKB</Filter>
    </ClInclude>
    <ClInclude Include="Parent.h">
      <Filter>Header Files\PKB</Filter>
    </ClInclude>
    <ClInclude Include="Uses.h">
      <Filter>Header Files\PKB</Filter>
    </ClInclude>
    <ClInclude Include="Node.h">
      <Filter>Header Files\AST</Filter>
    </ClInclude>
    <ClInclude Include="ProgramNode.h">
      <Filter>Header Files\AST</Filter>
    </ClInclude>
    <ClInclude Include="ProcedureNode.h">
      <Filter>Header Files\AST</Filter>
    </ClInclude>
    <ClInclude Include="AssignNode.h">
      <Filter>Header Files\AST</Filter>
    </ClInclude>
    <ClInclude Include="CallNode.h">
      <Filter>Header Files\AST</Filter>
    </ClInclude>
    <ClInclude Include="WhileNode.h">
      <Filter>Header Files\AST</Filter>
    </ClInclude>
    <ClInclude Include="IfNode.h">
      <Filter>Header Files\AST</Filter>
    </ClInclude>
    <ClInclude Include="PlusNode.h">
      <Filter>Header Files\AST</Filter>
    </ClInclude>
    <ClInclude Include="MinusNode.h">
      <Filter>Header Files\AST</Filter>
    </ClInclude>
    <ClInclude Include="TimesNode.h">
      <Filter>Header Files\AST</Filter>
    </ClInclude>
    <ClInclude Include="VariableNode.h">
      <Filter>Header Files\AST</Filter>
    </ClInclude>
    <ClInclude Include="Constants.h">
      <Filter>Header Files</Filter>
    </ClInclude>
    <ClInclude Include="ConstantNode.h">
      <Filter>Header Files\AST</Filter>
    </ClInclude>
    <ClInclude Include="ExpressionNode.h">
      <Filter>Header Files\AST</Filter>
    </ClInclude>
    <ClInclude Include="StatementNode.h">
      <Filter>Header Files\AST</Filter>
    </ClInclude>
    <ClInclude Include="StatementListNode.h">
      <Filter>Header Files\AST</Filter>
    </ClInclude>
    <ClInclude Include="ReferenceNode.h">
      <Filter>Header Files\AST</Filter>
    </ClInclude>
    <ClInclude Include="RangeNumber.h">
      <Filter>Header Files\helpers</Filter>
    </ClInclude>
    <ClInclude Include="ValidateException.h">
      <Filter>Header Files\AST\Exceptions</Filter>
    </ClInclude>
    <ClInclude Include="ASTException.h">
      <Filter>Header Files\AST\Exceptions</Filter>
    </ClInclude>
    <ClInclude Include="InvalidArgumentException.h">
      <Filter>Header Files\AST\Exceptions</Filter>
    </ClInclude>
    <ClInclude Include="CallsNode.h">
      <Filter>Header Files\PKB\PKBTree</Filter>
    </ClInclude>
    <ClInclude Include="GetCallsDeepTraverser.h">
      <Filter>Header Files\PKB\PKBTree</Filter>
    </ClInclude>
  </ItemGroup>
  <ItemGroup>
    <ClCompile Include="Node.cpp">
      <Filter>Source Files\AST</Filter>
    </ClCompile>
    <ClCompile Include="Calls.cpp">
      <Filter>Source Files\PKB</Filter>
    </ClCompile>
    <ClCompile Include="ProgramNode.cpp">
      <Filter>Source Files\AST</Filter>
    </ClCompile>
    <ClCompile Include="ProcedureNode.cpp">
      <Filter>Source Files\AST</Filter>
    </ClCompile>
    <ClCompile Include="ValidateException.cpp">
      <Filter>Source Files\AST\Exceptions</Filter>
    </ClCompile>
    <ClCompile Include="StatementListNode.cpp">
      <Filter>Source Files\AST</Filter>
    </ClCompile>
    <ClCompile Include="StatementNode.cpp">
      <Filter>Source Files\AST</Filter>
    </ClCompile>
    <ClCompile Include="AssignNode.cpp">
      <Filter>Source Files\AST</Filter>
    </ClCompile>
    <ClCompile Include="CallNode.cpp">
      <Filter>Source Files\AST</Filter>
    </ClCompile>
    <ClCompile Include="WhileNode.cpp">
      <Filter>Source Files\AST</Filter>
    </ClCompile>
    <ClCompile Include="IfNode.cpp">
      <Filter>Source Files\AST</Filter>
    </ClCompile>
    <ClCompile Include="VariableNode.cpp">
      <Filter>Source Files\AST</Filter>
    </ClCompile>
    <ClCompile Include="ConstantNode.cpp">
      <Filter>Source Files\AST</Filter>
    </ClCompile>
    <ClCompile Include="ExpressionNode.cpp">
      <Filter>Source Files\AST</Filter>
    </ClCompile>
    <ClCompile Include="PlusNode.cpp">
      <Filter>Source Files\AST</Filter>
    </ClCompile>
    <ClCompile Include="MinusNode.cpp">
      <Filter>Source Files\AST</Filter>
    </ClCompile>
    <ClCompile Include="TimesNode.cpp">
      <Filter>Source Files\AST</Filter>
    </ClCompile>
    <ClCompile Include="ReferenceNode.cpp">
      <Filter>Source Files\AST</Filter>
    </ClCompile>
    <ClCompile Include="RangeNumber.cpp">
      <Filter>Source Files\helpers</Filter>
    </ClCompile>
    <ClCompile Include="ASTException.cpp">
      <Filter>Source Files\AST\Exceptions</Filter>
    </ClCompile>
    <ClCompile Include="InvalidArgumentException.cpp">
      <Filter>Source Files\AST\Exceptions</Filter>
    </ClCompile>
    <ClCompile Include="CallsNode.cpp">
      <Filter>Source Files\PKB\PKBTree</Filter>
    </ClCompile>
    <ClCompile Include="GetCallsDeepTraverser.cpp">
      <Filter>Source Files\PKB\PKBTree</Filter>
    </ClCompile>
  </ItemGroup>
</Project>